
Microsoft Visual Studio Solution File, Format Version 12.00
# Visual Studio Version 17
VisualStudioVersion = 17.3.32929.385
MinimumVisualStudioVersion = 10.0.40219.1
Project("{FAE04EC0-301F-11D3-BF4B-00C04F79EFBC}") = "Faculta 5", "Faculta 5.csproj", "{44616136-92D4-4F23-894F-88C63A12FFB0}"
EndProject
Global
	GlobalSection(SolutionConfigurationPlatforms) = preSolution
		Debug|Any CPU = Debug|Any CPU
		Release|Any CPU = Release|Any CPU
	EndGlobalSection
	GlobalSection(ProjectConfigurationPlatforms) = postSolution
		{44616136-92D4-4F23-894F-88C63A12FFB0}.Debug|Any CPU.ActiveCfg = Debug|Any CPU
		{44616136-92D4-4F23-894F-88C63A12FFB0}.Debug|Any CPU.Build.0 = Debug|Any CPU
		{44616136-92D4-4F23-894F-88C63A12FFB0}.Release|Any CPU.ActiveCfg = Release|Any CPU
		{44616136-92D4-4F23-894F-88C63A12FFB0}.Release|Any CPU.Build.0 = Release|Any CPU
	EndGlobalSection
	GlobalSection(SolutionProperties) = preSolution
		HideSolutionNode = FALSE
	EndGlobalSection
	GlobalSection(ExtensibilityGlobals) = postSolution
		SolutionGuid = {E3721510-13F1-4677-A953-F2B09BA275B3}
	EndGlobalSection
EndGlobal
